// !$*UTF8*$!
{
	archiveVersion = 1;
	classes = {
	};
	objectVersion = 48;
	objects = {

/* Begin PBXBuildFile section */
		135EC306211B674A000F6826 /* main.cpp in Sources */ = {isa = PBXBuildFile; fileRef = 135EC305211B674A000F6826 /* main.cpp */; };
		13AD5E9C211CC48F00C4D193 /* DayReader.cpp in Sources */ = {isa = PBXBuildFile; fileRef = 13AD5E95211CC48E00C4D193 /* DayReader.cpp */; };
		13AD5E9D211CC48F00C4D193 /* DayWriter.cpp in Sources */ = {isa = PBXBuildFile; fileRef = 13AD5E98211CC48F00C4D193 /* DayWriter.cpp */; };
		13AD5E9E211CC48F00C4D193 /* DayIO.cpp in Sources */ = {isa = PBXBuildFile; fileRef = 13AD5E99211CC48F00C4D193 /* DayIO.cpp */; };
/* End PBXBuildFile section */

/* Begin PBXCopyFilesBuildPhase section */
		135EC300211B674A000F6826 /* CopyFiles */ = {
			isa = PBXCopyFilesBuildPhase;
			buildActionMask = 2147483647;
			dstPath = /usr/share/man/man1/;
			dstSubfolderSpec = 0;
			files = (
			);
			runOnlyForDeploymentPostprocessing = 1;
		};
/* End PBXCopyFilesBuildPhase section */

/* Begin PBXFileReference section */
		135EC302211B674A000F6826 /* ch13b_temperature_manager */ = {isa = PBXFileReference; explicitFileType = "compiled.mach-o.executable"; includeInIndex = 0; path = ch13b_temperature_manager; sourceTree = BUILT_PRODUCTS_DIR; };
		135EC305211B674A000F6826 /* main.cpp */ = {isa = PBXFileReference; lastKnownFileType = sourcecode.cpp.cpp; path = main.cpp; sourceTree = "<group>"; };
		13AD5E92211CC48E00C4D193 /* DayIOError.h */ = {isa = PBXFileReference; fileEncoding = 4; lastKnownFileType = sourcecode.c.h; path = DayIOError.h; sourceTree = "<group>"; };
		13AD5E93211CC48E00C4D193 /* Day.h */ = {isa = PBXFileReference; fileEncoding = 4; lastKnownFileType = sourcecode.c.h; path = Day.h; sourceTree = "<group>"; };
		13AD5E95211CC48E00C4D193 /* DayReader.cpp */ = {isa = PBXFileReference; fileEncoding = 4; lastKnownFileType = sourcecode.cpp.cpp; path = DayReader.cpp; sourceTree = "<group>"; };
		13AD5E96211CC48E00C4D193 /* DayWriter.h */ = {isa = PBXFileReference; fileEncoding = 4; lastKnownFileType = sourcecode.c.h; path = DayWriter.h; sourceTree = "<group>"; };
		13AD5E97211CC48E00C4D193 /* DayReader.h */ = {isa = PBXFileReference; fileEncoding = 4; lastKnownFileType = sourcecode.c.h; path = DayReader.h; sourceTree = "<group>"; };
		13AD5E98211CC48F00C4D193 /* DayWriter.cpp */ = {isa = PBXFileReference; fileEncoding = 4; lastKnownFileType = sourcecode.cpp.cpp; path = DayWriter.cpp; sourceTree = "<group>"; };
		13AD5E99211CC48F00C4D193 /* DayIO.cpp */ = {isa = PBXFileReference; fileEncoding = 4; lastKnownFileType = sourcecode.cpp.cpp; path = DayIO.cpp; sourceTree = "<group>"; };
		13AD5E9A211CC48F00C4D193 /* DayIO.h */ = {isa = PBXFileReference; fileEncoding = 4; lastKnownFileType = sourcecode.c.h; path = DayIO.h; sourceTree = "<group>"; };
/* End PBXFileReference section */

/* Begin PBXFrameworksBuildPhase section */
		135EC2FF211B674A000F6826 /* Frameworks */ = {
			isa = PBXFrameworksBuildPhase;
			buildActionMask = 2147483647;
			files = (
			);
			runOnlyForDeploymentPostprocessing = 0;
		};
/* End PBXFrameworksBuildPhase section */

/* Begin PBXGroup section */
		135EC2F9211B674A000F6826 = {
			isa = PBXGroup;
			children = (
				135EC304211B674A000F6826 /* temperature_manager */,
				135EC303211B674A000F6826 /* Products */,
			);
			sourceTree = "<group>";
		};
		135EC303211B674A000F6826 /* Products */ = {
			isa = PBXGroup;
			children = (
				135EC302211B674A000F6826 /* ch13b_temperature_manager */,
			);
			name = Products;
			sourceTree = "<group>";
		};
		135EC304211B674A000F6826 /* temperature_manager */ = {
			isa = PBXGroup;
			children = (
				135EC305211B674A000F6826 /* main.cpp */,
				13AD5E93211CC48E00C4D193 /* Day.h */,
				13AD5E99211CC48F00C4D193 /* DayIO.cpp */,
				13AD5E9A211CC48F00C4D193 /* DayIO.h */,
				13AD5E92211CC48E00C4D193 /* DayIOError.h */,
				13AD5E95211CC48E00C4D193 /* DayReader.cpp */,
				13AD5E97211CC48E00C4D193 /* DayReader.h */,
				13AD5E98211CC48F00C4D193 /* DayWriter.cpp */,
				13AD5E96211CC48E00C4D193 /* DayWriter.h */,
			);
			path = temperature_manager;
			sourceTree = "<group>";
		};
/* End PBXGroup section */

/* Begin PBXNativeTarget section */
		135EC301211B674A000F6826 /* ch13b_temperature_manager */ = {
			isa = PBXNativeTarget;
			buildConfigurationList = 135EC309211B674A000F6826 /* Build configuration list for PBXNativeTarget "ch13b_temperature_manager" */;
			buildPhases = (
				135EC2FE211B674A000F6826 /* Sources */,
				135EC2FF211B674A000F6826 /* Frameworks */,
				135EC300211B674A000F6826 /* CopyFiles */,
			);
			buildRules = (
			);
			dependencies = (
			);
			name = ch13b_temperature_manager;
			productName = ch15b_temperature_manager;
			productReference = 135EC302211B674A000F6826 /* ch13b_temperature_manager */;
			productType = "com.apple.product-type.tool";
		};
/* End PBXNativeTarget section */

/* Begin PBXProject section */
		135EC2FA211B674A000F6826 /* Project object */ = {
			isa = PBXProject;
			attributes = {
				LastUpgradeCheck = 0920;
				ORGANIZATIONNAME = "Mike Murach & Associates";
				TargetAttributes = {
					135EC301211B674A000F6826 = {
						CreatedOnToolsVersion = 9.2;
						ProvisioningStyle = Automatic;
					};
				};
			};
			buildConfigurationList = 135EC2FD211B674A000F6826 /* Build configuration list for PBXProject "ch13b_temperature_manager" */;
			compatibilityVersion = "Xcode 8.0";
			developmentRegion = en;
			hasScannedForEncodings = 0;
			knownRegions = (
				en,
			);
			mainGroup = 135EC2F9211B674A000F6826;
			productRefGroup = 135EC303211B674A000F6826 /* Products */;
			projectDirPath = "";
			projectRoot = "";
			targets = (
				135EC301211B674A000F6826 /* ch13b_temperature_manager */,
			);
		};
/* End PBXProject section */

/* Begin PBXSourcesBuildPhase section */
		135EC2FE211B674A000F6826 /* Sources */ = {
			isa = PBXSourcesBuildPhase;
			buildActionMask = 2147483647;
			files = (
				135EC306211B674A000F6826 /* main.cpp in Sources */,
				13AD5E9D211CC48F00C4D193 /* DayWriter.cpp in Sources */,
				13AD5E9C211CC48F00C4D193 /* DayReader.cpp in Sources */,
				13AD5E9E211CC48F00C4D193 /* DayIO.cpp in Sources */,
			);
			runOnlyForDeploymentPostprocessing = 0;
		};
/* End PBXSourcesBuildPhase section */

/* Begin XCBuildConfiguration section */
		135EC307211B674A000F6826 /* Debug */ = {
			isa = XCBuildConfiguration;
			buildSettings = {
				ALWAYS_SEARCH_USER_PATHS = NO;
				CLANG_ANALYZER_NONNULL = YES;
				CLANG_ANALYZER_NUMBER_OBJECT_CONVERSION = YES_AGGRESSIVE;
				CLANG_CXX_LANGUAGE_STANDARD = "gnu++14";
				CLANG_CXX_LIBRARY = "libc++";
				CLANG_ENABLE_MODULES = YES;
				CLANG_ENABLE_OBJC_ARC = YES;
				CLANG_WARN_BLOCK_CAPTURE_AUTORELEASING = YES;
				CLANG_WARN_BOOL_CONVERSION = YES;
				CLANG_WARN_COMMA = YES;
				CLANG_WARN_CONSTANT_CONVERSION = YES;
				CLANG_WARN_DIRECT_OBJC_ISA_USAGE = YES_ERROR;
				CLANG_WARN_DOCUMENTATION_COMMENTS = YES;
				CLANG_WARN_EMPTY_BODY = YES;
				CLANG_WARN_ENUM_CONVERSION = YES;
				CLANG_WARN_INFINITE_RECURSION = YES;
				CLANG_WARN_INT_CONVERSION = YES;
				CLANG_WARN_NON_LITERAL_NULL_CONVERSION = YES;
				CLANG_WARN_OBJC_LITERAL_CONVERSION = YES;
				CLANG_WARN_OBJC_ROOT_CLASS = YES_ERROR;
				CLANG_WARN_RANGE_LOOP_ANALYSIS = YES;
				CLANG_WARN_STRICT_PROTOTYPES = YES;
				CLANG_WARN_SUSPICIOUS_MOVE = YES;
				CLANG_WARN_UNGUARDED_AVAILABILITY = YES_AGGRESSIVE;
				CLANG_WARN_UNREACHABLE_CODE = YES;
				CLANG_WARN__DUPLICATE_METHOD_MATCH = YES;
				CODE_SIGN_IDENTITY = "-";
				COPY_PHASE_STRIP = NO;
				DEBUG_INFORMATION_FORMAT = dwarf;
				ENABLE_STRICT_OBJC_MSGSEND = YES;
				ENABLE_TESTABILITY = YES;
				GCC_C_LANGUAGE_STANDARD = gnu11;
				GCC_DYNAMIC_NO_PIC = NO;
				GCC_NO_COMMON_BLOCKS = YES;
				GCC_OPTIMIZATION_LEVEL = 0;
				GCC_PREPROCESSOR_DEFINITIONS = (
					"DEBUG=1",
					"$(inherited)",
				);
				GCC_WARN_64_TO_32_BIT_CONVERSION = YES;
				GCC_WARN_ABOUT_RETURN_TYPE = YES_ERROR;
				GCC_WARN_UNDECLARED_SELECTOR = YES;
				GCC_WARN_UNINITIALIZED_AUTOS = YES_AGGRESSIVE;
				GCC_WARN_UNUSED_FUNCTION = YES;
				GCC_WARN_UNUSED_VARIABLE = YES;
				MACOSX_DEPLOYMENT_TARGET = 10.13;
				MTL_ENABLE_DEBUG_INFO = YES;
				ONLY_ACTIVE_ARCH = YES;
				SDKROOT = macosx;
			};
			name = Debug;
		};
		135EC308211B674A000F6826 /* Release */ = {
			isa = XCBuildConfiguration;
			buildSettings = {
				ALWAYS_SEARCH_USER_PATHS = NO;
				CLANG_ANALYZER_NONNULL = YES;
				CLANG_ANALYZER_NUMBER_OBJECT_CONVERSION = YES_AGGRESSIVE;
				CLANG_CXX_LANGUAGE_STANDARD = "gnu++14";
				CLANG_CXX_LIBRARY = "libc++";
				CLANG_ENABLE_MODULES = YES;
				CLANG_ENABLE_OBJC_ARC = YES;
				CLANG_WARN_BLOCK_CAPTURE_AUTORELEASING = YES;
				CLANG_WARN_BOOL_CONVERSION = YES;
				CLANG_WARN_COMMA = YES;
				CLANG_WARN_CONSTANT_CONVERSION = YES;
				CLANG_WARN_DIRECT_OBJC_ISA_USAGE = YES_ERROR;
				CLANG_WARN_DOCUMENTATION_COMMENTS = YES;
				CLANG_WARN_EMPTY_BODY = YES;
				CLANG_WARN_ENUM_CONVERSION = YES;
				CLANG_WARN_INFINITE_RECURSION = YES;
				CLANG_WARN_INT_CONVERSION = YES;
				CLANG_WARN_NON_LITERAL_NULL_CONVERSION = YES;
				CLANG_WARN_OBJC_LITERAL_CONVERSION = YES;
				CLANG_WARN_OBJC_ROOT_CLASS = YES_ERROR;
				CLANG_WARN_RANGE_LOOP_ANALYSIS = YES;
				CLANG_WARN_STRICT_PROTOTYPES = YES;
				CLANG_WARN_SUSPICIOUS_MOVE = YES;
				CLANG_WARN_UNGUARDED_AVAILABILITY = YES_AGGRESSIVE;
				CLANG_WARN_UNREACHABLE_CODE = YES;
				CLANG_WARN__DUPLICATE_METHOD_MATCH = YES;
				CODE_SIGN_IDENTITY = "-";
				COPY_PHASE_STRIP = NO;
				DEBUG_INFORMATION_FORMAT = "dwarf-with-dsym";
				ENABLE_NS_ASSERTIONS = NO;
				ENABLE_STRICT_OBJC_MSGSEND = YES;
				GCC_C_LANGUAGE_STANDARD = gnu11;
				GCC_NO_COMMON_BLOCKS = YES;
				GCC_WARN_64_TO_32_BIT_CONVERSION = YES;
				GCC_WARN_ABOUT_RETURN_TYPE = YES_ERROR;
				GCC_WARN_UNDECLARED_SELECTOR = YES;
				GCC_WARN_UNINITIALIZED_AUTOS = YES_AGGRESSIVE;
				GCC_WARN_UNUSED_FUNCTION = YES;
				GCC_WARN_UNUSED_VARIABLE = YES;
				MACOSX_DEPLOYMENT_TARGET = 10.13;
				MTL_ENABLE_DEBUG_INFO = NO;
				SDKROOT = macosx;
			};
			name = Release;
		};
		135EC30A211B674A000F6826 /* Debug */ = {
			isa = XCBuildConfiguration;
			buildSettings = {
				CODE_SIGN_STYLE = Automatic;
				PRODUCT_NAME = "$(TARGET_NAME)";
			};
			name = Debug;
		};
		135EC30B211B674A000F6826 /* Release */ = {
			isa = XCBuildConfiguration;
			buildSettings = {
				CODE_SIGN_STYLE = Automatic;
				PRODUCT_NAME = "$(TARGET_NAME)";
			};
			name = Release;
		};
/* End XCBuildConfiguration section */

/* Begin XCConfigurationList section */
		135EC2FD211B674A000F6826 /* Build configuration list for PBXProject "ch13b_temperature_manager" */ = {
			isa = XCConfigurationList;
			buildConfigurations = (
				135EC307211B674A000F6826 /* Debug */,
				135EC308211B674A000F6826 /* Release */,
			);
			defaultConfigurationIsVisible = 0;
			defaultConfigurationName = Release;
		};
		135EC309211B674A000F6826 /* Build configuration list for PBXNativeTarget "ch13b_temperature_manager" */ = {
			isa = XCConfigurationList;
			buildConfigurations = (
				135EC30A211B674A000F6826 /* Debug */,
				135EC30B211B674A000F6826 /* Release */,
			);
			defaultConfigurationIsVisible = 0;
			defaultConfigurationName = Release;
		};
/* End XCConfigurationList section */
	};
	rootObject = 135EC2FA211B674A000F6826 /* Project object */;
}
